# @generated - this file is auto-generated by `mise lock` https://mise.jdx.dev/dev-tools/mise-lock.html

lockfile_version = 1

[[tools."aqua:pnpm/pnpm"]]
version = "11.21.0"
backend = "aqua:pnpm/pnpm"
specifiers = ["11.21.0"]

[tools."aqua:pnpm/pnpm"."platforms.linux-x64"]
checksum = "sha256:aadc489ce4473c2af0fec06a5c19e113b5793d404eac49853c8153bf4b0d8263"
url = "https://github.com/pnpm/pnpm/releases/download/v11.21.0/pnpm-linux-x64.tar.gz"
url_api = "https://api.github.com/repos/pnpm/pnpm/releases/assets/507585503"
provenance = "github-attestations"

[tools."aqua:pnpm/pnpm"."platforms.macos-arm64"]
checksum = "sha256:860a96978a79ca5132bdc247375f94150a3c98edbecbee36e9f8e0c9e2f7f056"
url = "https://github.com/pnpm/pnpm/releases/download/v11.21.0/pnpm-darwin-arm64.tar.gz"
url_api = "https://api.github.com/repos/pnpm/pnpm/releases/assets/507585526"
provenance = "github-attestations"

[[tools."github:jdx/fnox"]]
version = "1.33.1"
backend = "github:jdx/fnox"
specifiers = ["1.33.1"]

[tools."github:jdx/fnox"."platforms.linux-x64"]
checksum = "sha256:548ba556f15c3f4046a33fe91b4d3eea15872de5fcdbe7d38a7dac6a9eab34c2"
url = "https://github.com/jdx/fnox/releases/download/v1.33.1/fnox-x86_64-unknown-linux-gnu.tar.gz"
url_api = "https://api.github.com/repos/jdx/fnox/releases/assets/517968687"
provenance = "github-attestations"

[tools."github:jdx/fnox"."platforms.macos-arm64"]
checksum = "sha256:80a3002841e69aa0be87820e49d25776a5c3ef96c22942aee28f910bf8aba5f6"
url = "https://github.com/jdx/fnox/releases/download/v1.33.1/fnox-aarch64-apple-darwin.tar.gz"
url_api = "https://api.github.com/repos/jdx/fnox/releases/assets/517968663"
provenance = "github-attestations"
provenance_verified = true

[[tools.node]]
version = "24.15.0"
backend = "core:node"
specifiers = ["24.15.0"]

[tools.node."platforms.linux-x64"]
checksum = "sha256:44836872d9aec49f1e6b52a9a922872db9a2b02d235a616a5681b6a85fec8d89"
url = "https://nodejs.org/dist/v24.15.0/node-v24.15.0-linux-x64.tar.gz"

[tools.node."platforms.macos-arm64"]
checksum = "sha256:372331b969779ab5d15b949884fc6eaf88d5afe87bde8ba881d6400b9100ffc4"
url = "https://nodejs.org/dist/v24.15.0/node-v24.15.0-darwin-arm64.tar.gz"

[[tools."npm:vercel"]]
version = "59.11.2"
backend = "npm:vercel"
specifiers = ["59.11.2"]
